# THIS IS AN AUTOGENERATED FILE. DO NOT EDIT THIS FILE DIRECTLY.
# yarn lockfile v1


"@rails/actioncable@^7.1.1":
  version "7.1.1"
  resolved "https://registry.npmjs.org/@rails/actioncable/-/actioncable-7.1.1.tgz"
  integrity sha512-ZRJ9rdwFQQjRbtgJnweY0/4UQyxN6ojEGRdib0JkjnuIciv+4ok/aAeZmBJqNreTMaBqS0eHyA9hCArwN58opg==

channels@^0.0.4:
  version "0.0.4"
  resolved "https://registry.npmjs.org/channels/-/channels-0.0.4.tgz"
  integrity sha512-4zRxUJ/sN+GmA0NeB1wIBA8xzU6C30FsGkSIWob7OLIQVwMKE/ct9n3RLfq8XiLUpafK5gWg7+HuUVzXMXYqVw==
